
Microsoft Visual Studio Solution File, Format Version 12.00
# Visual Studio Version 17
VisualStudioVersion = 17.9.34728.123
MinimumVisualStudioVersion = 10.0.40219.1
Project("{FAE04EC0-301F-11D3-BF4B-00C04F79EFBC}") = "WpfApp1", "WpfApp1.csproj", "{72582EC5-F9D9-4C88-8C96-8D06F6A2B53A}"
EndProject
Global
	GlobalSection(SolutionConfigurationPlatforms) = preSolution
		Debug|Any CPU = Debug|Any CPU
		Release|Any CPU = Release|Any CPU
	EndGlobalSection
	GlobalSection(ProjectConfigurationPlatforms) = postSolution
		{72582EC5-F9D9-4C88-8C96-8D06F6A2B53A}.Debug|Any CPU.ActiveCfg = Debug|Any CPU
		{72582EC5-F9D9-4C88-8C96-8D06F6A2B53A}.Debug|Any CPU.Build.0 = Debug|Any CPU
		{72582EC5-F9D9-4C88-8C96-8D06F6A2B53A}.Release|Any CPU.ActiveCfg = Release|Any CPU
		{72582EC5-F9D9-4C88-8C96-8D06F6A2B53A}.Release|Any CPU.Build.0 = Release|Any CPU
	EndGlobalSection
	GlobalSection(SolutionProperties) = preSolution
		HideSolutionNode = FALSE
	EndGlobalSection
	GlobalSection(ExtensibilityGlobals) = postSolution
		SolutionGuid = {C23DDBE5-66A8-45C5-A6CB-615A7CC33FAF}
	EndGlobalSection
EndGlobal
